# This file was autogenerated by Stack.
# You should not edit this file by hand.
# For more information, please see the documentation at:
#   https://docs.haskellstack.org/en/stable/lock_files

snapshots:
- original: lts-18.2
  completed:
    sha256: 7abb45c0cc5eb349448b66d8753655542d45d387ad26970419282eab3d860724
    url: https://raw.githubusercontent.com/commercialhaskell/stackage-snapshots/master/lts/18/2.yaml
    size: 585392
packages: []
